
Microsoft Visual Studio Solution File, Format Version 12.00
# Visual Studio Version 17
VisualStudioVersion = 17.11.35327.3
MinimumVisualStudioVersion = 10.0.40219.1
Project("{FAE04EC0-301F-11D3-BF4B-00C04F79EFBC}") = "SocialEcho.NetServer.API", "SocialEcho.NetServer.API\SocialEcho.NetServer.API.csproj", "{ABB8B2D0-AC3E-466E-BDE4-45DCBF0D47EF}"
EndProject
Global
	GlobalSection(SolutionConfigurationPlatforms) = preSolution
		Debug|Any CPU = Debug|Any CPU
		Release|Any CPU = Release|Any CPU
	EndGlobalSection
	GlobalSection(ProjectConfigurationPlatforms) = postSolution
		{ABB8B2D0-AC3E-466E-BDE4-45DCBF0D47EF}.Debug|Any CPU.ActiveCfg = Debug|Any CPU
		{ABB8B2D0-AC3E-466E-BDE4-45DCBF0D47EF}.Debug|Any CPU.Build.0 = Debug|Any CPU
		{ABB8B2D0-AC3E-466E-BDE4-45DCBF0D47EF}.Release|Any CPU.ActiveCfg = Release|Any CPU
		{ABB8B2D0-AC3E-466E-BDE4-45DCBF0D47EF}.Release|Any CPU.Build.0 = Release|Any CPU
	EndGlobalSection
	GlobalSection(SolutionProperties) = preSolution
		HideSolutionNode = FALSE
	EndGlobalSection
	GlobalSection(ExtensibilityGlobals) = postSolution
		SolutionGuid = {9B7B7C88-7E35-4415-A316-74BF2414D349}
	EndGlobalSection
EndGlobal
